// !$*UTF8*$!
{
	archiveVersion = 1;
	classes = {
	};
	objectVersion = 56;
	objects = {

/* Begin PBXBuildFile section */
		A439555305927D72FE9B4DCA /* Pods_LoginViewCode.framework in Frameworks */ = {isa = PBXBuildFile; fileRef = 81F08B7EA548C96CA4604221 /* Pods_LoginViewCode.framework */; };
		C32770A629B24E3800471EC6 /* RegisterViewController.swift in Sources */ = {isa = PBXBuildFile; fileRef = C32770A529B24E3800471EC6 /* RegisterViewController.swift */; };
		C32770A829B25ABD00471EC6 /* RegisterScreen.swift in Sources */ = {isa = PBXBuildFile; fileRef = C32770A729B25ABD00471EC6 /* RegisterScreen.swift */; };
		C3469D1B29B773BF0065336A /* LoginScreenConstraints.swift in Sources */ = {isa = PBXBuildFile; fileRef = C3469D1A29B773BF0065336A /* LoginScreenConstraints.swift */; };
		C346E8C029ACD7CA0089D0BA /* LoginScreen.swift in Sources */ = {isa = PBXBuildFile; fileRef = C346E8BF29ACD7CA0089D0BA /* LoginScreen.swift */; };
		C36CB27D29B8D17300288B8F /* RegisterScreenConstraints.swift in Sources */ = {isa = PBXBuildFile; fileRef = C36CB27C29B8D17300288B8F /* RegisterScreenConstraints.swift */; };
		C3BF945A29BA141200D3B507 /* GoogleService-Info.plist in Resources */ = {isa = PBXBuildFile; fileRef = C3BF945929BA141200D3B507 /* GoogleService-Info.plist */; };
		C3C57E8229A8E4FF009C63A8 /* AppDelegate.swift in Sources */ = {isa = PBXBuildFile; fileRef = C3C57E8129A8E4FF009C63A8 /* AppDelegate.swift */; };
		C3C57E8429A8E4FF009C63A8 /* SceneDelegate.swift in Sources */ = {isa = PBXBuildFile; fileRef = C3C57E8329A8E4FF009C63A8 /* SceneDelegate.swift */; };
		C3C57E8629A8E4FF009C63A8 /* LoginViewController.swift in Sources */ = {isa = PBXBuildFile; fileRef = C3C57E8529A8E4FF009C63A8 /* LoginViewController.swift */; };
		C3C57E8B29A8E500009C63A8 /* Assets.xcassets in Resources */ = {isa = PBXBuildFile; fileRef = C3C57E8A29A8E500009C63A8 /* Assets.xcassets */; };
		C3C57E8E29A8E500009C63A8 /* LaunchScreen.storyboard in Resources */ = {isa = PBXBuildFile; fileRef = C3C57E8C29A8E500009C63A8 /* LaunchScreen.storyboard */; };
/* End PBXBuildFile section */

/* Begin PBXFileReference section */
		44898148D249BE5B59E9F3AE /* Pods-LoginViewCode.release.xcconfig */ = {isa = PBXFileReference; includeInIndex = 1; lastKnownFileType = text.xcconfig; name = "Pods-LoginViewCode.release.xcconfig"; path = "Target Support Files/Pods-LoginViewCode/Pods-LoginViewCode.release.xcconfig"; sourceTree = "<group>"; };
		5405B4498B4658A70AF3CBC4 /* Pods-LoginViewCode.debug.xcconfig */ = {isa = PBXFileReference; includeInIndex = 1; lastKnownFileType = text.xcconfig; name = "Pods-LoginViewCode.debug.xcconfig"; path = "Target Support Files/Pods-LoginViewCode/Pods-LoginViewCode.debug.xcconfig"; sourceTree = "<group>"; };
		81F08B7EA548C96CA4604221 /* Pods_LoginViewCode.framework */ = {isa = PBXFileReference; explicitFileType = wrapper.framework; includeInIndex = 0; path = Pods_LoginViewCode.framework; sourceTree = BUILT_PRODUCTS_DIR; };
		C32770A529B24E3800471EC6 /* RegisterViewController.swift */ = {isa = PBXFileReference; lastKnownFileType = sourcecode.swift; path = RegisterViewController.swift; sourceTree = "<group>"; };
		C32770A729B25ABD00471EC6 /* RegisterScreen.swift */ = {isa = PBXFileReference; lastKnownFileType = sourcecode.swift; path = RegisterScreen.swift; sourceTree = "<group>"; };
		C3469D1A29B773BF0065336A /* LoginScreenConstraints.swift */ = {isa = PBXFileReference; lastKnownFileType = sourcecode.swift; path = LoginScreenConstraints.swift; sourceTree = "<group>"; };
		C346E8BF29ACD7CA0089D0BA /* LoginScreen.swift */ = {isa = PBXFileReference; lastKnownFileType = sourcecode.swift; path = LoginScreen.swift; sourceTree = "<group>"; };
		C36CB27C29B8D17300288B8F /* RegisterScreenConstraints.swift */ = {isa = PBXFileReference; lastKnownFileType = sourcecode.swift; path = RegisterScreenConstraints.swift; sourceTree = "<group>"; };
		C3BF945929BA141200D3B507 /* GoogleService-Info.plist */ = {isa = PBXFileReference; fileEncoding = 4; lastKnownFileType = text.plist.xml; path = "GoogleService-Info.plist"; sourceTree = "<group>"; };
		C3C57E7E29A8E4FF009C63A8 /* LoginViewCode.app */ = {isa = PBXFileReference; explicitFileType = wrapper.application; includeInIndex = 0; path = LoginViewCode.app; sourceTree = BUILT_PRODUCTS_DIR; };
		C3C57E8129A8E4FF009C63A8 /* AppDelegate.swift */ = {isa = PBXFileReference; lastKnownFileType = sourcecode.swift; path = AppDelegate.swift; sourceTree = "<group>"; };
		C3C57E8329A8E4FF009C63A8 /* SceneDelegate.swift */ = {isa = PBXFileReference; lastKnownFileType = sourcecode.swift; path = SceneDelegate.swift; sourceTree = "<group>"; };
		C3C57E8529A8E4FF009C63A8 /* LoginViewController.swift */ = {isa = PBXFileReference; lastKnownFileType = sourcecode.swift; path = LoginViewController.swift; sourceTree = "<group>"; };
		C3C57E8A29A8E500009C63A8 /* Assets.xcassets */ = {isa = PBXFileReference; lastKnownFileType = folder.assetcatalog; path = Assets.xcassets; sourceTree = "<group>"; };
		C3C57E8D29A8E500009C63A8 /* Base */ = {isa = PBXFileReference; lastKnownFileType = file.storyboard; name = Base; path = Base.lproj/LaunchScreen.storyboard; sourceTree = "<group>"; };
		C3C57E8F29A8E500009C63A8 /* Info.plist */ = {isa = PBXFileReference; lastKnownFileType = text.plist.xml; path = Info.plist; sourceTree = "<group>"; };
/* End PBXFileReference section */

/* Begin PBXFrameworksBuildPhase section */
		C3C57E7B29A8E4FF009C63A8 /* Frameworks */ = {
			isa = PBXFrameworksBuildPhase;
			buildActionMask = 2147483647;
			files = (
				A439555305927D72FE9B4DCA /* Pods_LoginViewCode.framework in Frameworks */,
			);
			runOnlyForDeploymentPostprocessing = 0;
		};
/* End PBXFrameworksBuildPhase section */

/* Begin PBXGroup section */
		2C913D41EF3072D4F34FA1EA /* Frameworks */ = {
			isa = PBXGroup;
			children = (
				81F08B7EA548C96CA4604221 /* Pods_LoginViewCode.framework */,
			);
			name = Frameworks;
			sourceTree = "<group>";
		};
		C32770A229B24B8100471EC6 /* Register */ = {
			isa = PBXGroup;
			children = (
				C32770A429B24DF500471EC6 /* VC */,
				C32770A329B24DEE00471EC6 /* Screen */,
			);
			path = Register;
			sourceTree = "<group>";
		};
		C32770A329B24DEE00471EC6 /* Screen */ = {
			isa = PBXGroup;
			children = (
				C32770A729B25ABD00471EC6 /* RegisterScreen.swift */,
				C36CB27C29B8D17300288B8F /* RegisterScreenConstraints.swift */,
			);
			path = Screen;
			sourceTree = "<group>";
		};
		C32770A429B24DF500471EC6 /* VC */ = {
			isa = PBXGroup;
			children = (
				C32770A529B24E3800471EC6 /* RegisterViewController.swift */,
			);
			path = VC;
			sourceTree = "<group>";
		};
		C346E8BB29ACD7570089D0BA /* Login */ = {
			isa = PBXGroup;
			children = (
				C346E8BE29ACD7880089D0BA /* Screen */,
				C346E8BD29ACD77B0089D0BA /* VC */,
			);
			path = Login;
			sourceTree = "<group>";
		};
		C346E8BD29ACD77B0089D0BA /* VC */ = {
			isa = PBXGroup;
			children = (
				C3C57E8529A8E4FF009C63A8 /* LoginViewController.swift */,
			);
			path = VC;
			sourceTree = "<group>";
		};
		C346E8BE29ACD7880089D0BA /* Screen */ = {
			isa = PBXGroup;
			children = (
				C346E8BF29ACD7CA0089D0BA /* LoginScreen.swift */,
				C3469D1A29B773BF0065336A /* LoginScreenConstraints.swift */,
			);
			path = Screen;
			sourceTree = "<group>";
		};
		C3C57E7529A8E4FF009C63A8 = {
			isa = PBXGroup;
			children = (
				C3C57E8029A8E4FF009C63A8 /* LoginViewCode */,
				C3C57E7F29A8E4FF009C63A8 /* Products */,
				D7D34A774AC32DE89BEE0706 /* Pods */,
				2C913D41EF3072D4F34FA1EA /* Frameworks */,
			);
			sourceTree = "<group>";
		};
		C3C57E7F29A8E4FF009C63A8 /* Products */ = {
			isa = PBXGroup;
			children = (
				C3C57E7E29A8E4FF009C63A8 /* LoginViewCode.app */,
			);
			name = Products;
			sourceTree = "<group>";
		};
		C3C57E8029A8E4FF009C63A8 /* LoginViewCode */ = {
			isa = PBXGroup;
			children = (
				C3C57E8129A8E4FF009C63A8 /* AppDelegate.swift */,
				C3C57E8329A8E4FF009C63A8 /* SceneDelegate.swift */,
				C346E8BB29ACD7570089D0BA /* Login */,
				C32770A229B24B8100471EC6 /* Register */,
				C3C57E8A29A8E500009C63A8 /* Assets.xcassets */,
				C3C57E8C29A8E500009C63A8 /* LaunchScreen.storyboard */,
				C3C57E8F29A8E500009C63A8 /* Info.plist */,
				C3BF945929BA141200D3B507 /* GoogleService-Info.plist */,
			);
			path = LoginViewCode;
			sourceTree = "<group>";
		};
		D7D34A774AC32DE89BEE0706 /* Pods */ = {
			isa = PBXGroup;
			children = (
				5405B4498B4658A70AF3CBC4 /* Pods-LoginViewCode.debug.xcconfig */,
				44898148D249BE5B59E9F3AE /* Pods-LoginViewCode.release.xcconfig */,
			);
			path = Pods;
			sourceTree = "<group>";
		};
/* End PBXGroup section */

/* Begin PBXNativeTarget section */
		C3C57E7D29A8E4FF009C63A8 /* LoginViewCode */ = {
			isa = PBXNativeTarget;
			buildConfigurationList = C3C57E9229A8E500009C63A8 /* Build configuration list for PBXNativeTarget "LoginViewCode" */;
			buildPhases = (
				F032F35158447183282F8ABF /* [CP] Check Pods Manifest.lock */,
				C3C57E7A29A8E4FF009C63A8 /* Sources */,
				C3C57E7B29A8E4FF009C63A8 /* Frameworks */,
				C3C57E7C29A8E4FF009C63A8 /* Resources */,
				59CE7459B40AB7637520CA7E /* [CP] Embed Pods Frameworks */,
			);
			buildRules = (
			);
			dependencies = (
			);
			name = LoginViewCode;
			productName = LoginViewCode;
			productReference = C3C57E7E29A8E4FF009C63A8 /* LoginViewCode.app */;
			productType = "com.apple.product-type.application";
		};
/* End PBXNativeTarget section */

/* Begin PBXProject section */
		C3C57E7629A8E4FF009C63A8 /* Project object */ = {
			isa = PBXProject;
			attributes = {
				BuildIndependentTargetsInParallel = 1;
				LastSwiftUpdateCheck = 1420;
				LastUpgradeCheck = 1420;
				TargetAttributes = {
					C3C57E7D29A8E4FF009C63A8 = {
						CreatedOnToolsVersion = 14.2;
					};
				};
			};
			buildConfigurationList = C3C57E7929A8E4FF009C63A8 /* Build configuration list for PBXProject "LoginViewCode" */;
			compatibilityVersion = "Xcode 14.0";
			developmentRegion = en;
			hasScannedForEncodings = 0;
			knownRegions = (
				en,
				Base,
			);
			mainGroup = C3C57E7529A8E4FF009C63A8;
			productRefGroup = C3C57E7F29A8E4FF009C63A8 /* Products */;
			projectDirPath = "";
			projectRoot = "";
			targets = (
				C3C57E7D29A8E4FF009C63A8 /* LoginViewCode */,
			);
		};
/* End PBXProject section */

/* Begin PBXResourcesBuildPhase section */
		C3C57E7C29A8E4FF009C63A8 /* Resources */ = {
			isa = PBXResourcesBuildPhase;
			buildActionMask = 2147483647;
			files = (
				C3C57E8E29A8E500009C63A8 /* LaunchScreen.storyboard in Resources */,
				C3C57E8B29A8E500009C63A8 /* Assets.xcassets in Resources */,
				C3BF945A29BA141200D3B507 /* GoogleService-Info.plist in Resources */,
			);
			runOnlyForDeploymentPostprocessing = 0;
		};
/* End PBXResourcesBuildPhase section */

/* Begin PBXShellScriptBuildPhase section */
		59CE7459B40AB7637520CA7E /* [CP] Embed Pods Frameworks */ = {
			isa = PBXShellScriptBuildPhase;
			buildActionMask = 2147483647;
			files = (
			);
			inputFileListPaths = (
				"${PODS_ROOT}/Target Support Files/Pods-LoginViewCode/Pods-LoginViewCode-frameworks-${CONFIGURATION}-input-files.xcfilelist",
			);
			name = "[CP] Embed Pods Frameworks";
			outputFileListPaths = (
				"${PODS_ROOT}/Target Support Files/Pods-LoginViewCode/Pods-LoginViewCode-frameworks-${CONFIGURATION}-output-files.xcfilelist",
			);
			runOnlyForDeploymentPostprocessing = 0;
			shellPath = /bin/sh;
			shellScript = "\"${PODS_ROOT}/Target Support Files/Pods-LoginViewCode/Pods-LoginViewCode-frameworks.sh\"\n";
			showEnvVarsInLog = 0;
		};
		F032F35158447183282F8ABF /* [CP] Check Pods Manifest.lock */ = {
			isa = PBXShellScriptBuildPhase;
			buildActionMask = 2147483647;
			files = (
			);
			inputFileListPaths = (
			);
			inputPaths = (
				"${PODS_PODFILE_DIR_PATH}/Podfile.lock",
				"${PODS_ROOT}/Manifest.lock",
			);
			name = "[CP] Check Pods Manifest.lock";
			outputFileListPaths = (
			);
			outputPaths = (
				"$(DERIVED_FILE_DIR)/Pods-LoginViewCode-checkManifestLockResult.txt",
			);
			runOnlyForDeploymentPostprocessing = 0;
			shellPath = /bin/sh;
			shellScript = "diff \"${PODS_PODFILE_DIR_PATH}/Podfile.lock\" \"${PODS_ROOT}/Manifest.lock\" > /dev/null\nif [ $? != 0 ] ; then\n    # print error to STDERR\n    echo \"error: The sandbox is not in sync with the Podfile.lock. Run 'pod install' or update your CocoaPods installation.\" >&2\n    exit 1\nfi\n# This output is used by Xcode 'outputs' to avoid re-running this script phase.\necho \"SUCCESS\" > \"${SCRIPT_OUTPUT_FILE_0}\"\n";
			showEnvVarsInLog = 0;
		};
/* End PBXShellScriptBuildPhase section */

/* Begin PBXSourcesBuildPhase section */
		C3C57E7A29A8E4FF009C63A8 /* Sources */ = {
			isa = PBXSourcesBuildPhase;
			buildActionMask = 2147483647;
			files = (
				C32770A829B25ABD00471EC6 /* RegisterScreen.swift in Sources */,
				C3C57E8629A8E4FF009C63A8 /* LoginViewController.swift in Sources */,
				C3469D1B29B773BF0065336A /* LoginScreenConstraints.swift in Sources */,
				C32770A629B24E3800471EC6 /* RegisterViewController.swift in Sources */,
				C346E8C029ACD7CA0089D0BA /* LoginScreen.swift in Sources */,
				C3C57E8229A8E4FF009C63A8 /* AppDelegate.swift in Sources */,
				C3C57E8429A8E4FF009C63A8 /* SceneDelegate.swift in Sources */,
				C36CB27D29B8D17300288B8F /* RegisterScreenConstraints.swift in Sources */,
			);
			runOnlyForDeploymentPostprocessing = 0;
		};
/* End PBXSourcesBuildPhase section */

/* Begin PBXVariantGroup section */
		C3C57E8C29A8E500009C63A8 /* LaunchScreen.storyboard */ = {
			isa = PBXVariantGroup;
			children = (
				C3C57E8D29A8E500009C63A8 /* Base */,
			);
			name = LaunchScreen.storyboard;
			sourceTree = "<group>";
		};
/* End PBXVariantGroup section */

/* Begin XCBuildConfiguration section */
		C3C57E9029A8E500009C63A8 /* Debug */ = {
			isa = XCBuildConfiguration;
			buildSettings = {
				ALWAYS_SEARCH_USER_PATHS = NO;
				CLANG_ANALYZER_NONNULL = YES;
				CLANG_ANALYZER_NUMBER_OBJECT_CONVERSION = YES_AGGRESSIVE;
				CLANG_CXX_LANGUAGE_STANDARD = "gnu++20";
				CLANG_ENABLE_MODULES = YES;
				CLANG_ENABLE_OBJC_ARC = YES;
				CLANG_ENABLE_OBJC_WEAK = YES;
				CLANG_WARN_BLOCK_CAPTURE_AUTORELEASING = YES;
				CLANG_WARN_BOOL_CONVERSION = YES;
				CLANG_WARN_COMMA = YES;
				CLANG_WARN_CONSTANT_CONVERSION = YES;
				CLANG_WARN_DEPRECATED_OBJC_IMPLEMENTATIONS = YES;
				CLANG_WARN_DIRECT_OBJC_ISA_USAGE = YES_ERROR;
				CLANG_WARN_DOCUMENTATION_COMMENTS = YES;
				CLANG_WARN_EMPTY_BODY = YES;
				CLANG_WARN_ENUM_CONVERSION = YES;
				CLANG_WARN_INFINITE_RECURSION = YES;
				CLANG_WARN_INT_CONVERSION = YES;
				CLANG_WARN_NON_LITERAL_NULL_CONVERSION = YES;
				CLANG_WARN_OBJC_IMPLICIT_RETAIN_SELF = YES;
				CLANG_WARN_OBJC_LITERAL_CONVERSION = YES;
				CLANG_WARN_OBJC_ROOT_CLASS = YES_ERROR;
				CLANG_WARN_QUOTED_INCLUDE_IN_FRAMEWORK_HEADER = YES;
				CLANG_WARN_RANGE_LOOP_ANALYSIS = YES;
				CLANG_WARN_STRICT_PROTOTYPES = YES;
				CLANG_WARN_SUSPICIOUS_MOVE = YES;
				CLANG_WARN_UNGUARDED_AVAILABILITY = YES_AGGRESSIVE;
				CLANG_WARN_UNREACHABLE_CODE = YES;
				CLANG_WARN__DUPLICATE_METHOD_MATCH = YES;
				COPY_PHASE_STRIP = NO;
				DEBUG_INFORMATION_FORMAT = dwarf;
				ENABLE_STRICT_OBJC_MSGSEND = YES;
				ENABLE_TESTABILITY = YES;
				GCC_C_LANGUAGE_STANDARD = gnu11;
				GCC_DYNAMIC_NO_PIC = NO;
				GCC_NO_COMMON_BLOCKS = YES;
				GCC_OPTIMIZATION_LEVEL = 0;
				GCC_PREPROCESSOR_DEFINITIONS = (
					"DEBUG=1",
					"$(inherited)",
				);
				GCC_WARN_64_TO_32_BIT_CONVERSION = YES;
				GCC_WARN_ABOUT_RETURN_TYPE = YES_ERROR;
				GCC_WARN_UNDECLARED_SELECTOR = YES;
				GCC_WARN_UNINITIALIZED_AUTOS = YES_AGGRESSIVE;
				GCC_WARN_UNUSED_FUNCTION = YES;
				GCC_WARN_UNUSED_VARIABLE = YES;
				IPHONEOS_DEPLOYMENT_TARGET = 16.2;
				MTL_ENABLE_DEBUG_INFO = INCLUDE_SOURCE;
				MTL_FAST_MATH = YES;
				ONLY_ACTIVE_ARCH = YES;
				SDKROOT = iphoneos;
				SWIFT_ACTIVE_COMPILATION_CONDITIONS = DEBUG;
				SWIFT_OPTIMIZATION_LEVEL = "-Onone";
			};
			name = Debug;
		};
		C3C57E9129A8E500009C63A8 /* Release */ = {
			isa = XCBuildConfiguration;
			buildSettings = {
				ALWAYS_SEARCH_USER_PATHS = NO;
				CLANG_ANALYZER_NONNULL = YES;
				CLANG_ANALYZER_NUMBER_OBJECT_CONVERSION = YES_AGGRESSIVE;
				CLANG_CXX_LANGUAGE_STANDARD = "gnu++20";
				CLANG_ENABLE_MODULES = YES;
				CLANG_ENABLE_OBJC_ARC = YES;
				CLANG_ENABLE_OBJC_WEAK = YES;
				CLANG_WARN_BLOCK_CAPTURE_AUTORELEASING = YES;
				CLANG_WARN_BOOL_CONVERSION = YES;
				CLANG_WARN_COMMA = YES;
				CLANG_WARN_CONSTANT_CONVERSION = YES;
				CLANG_WARN_DEPRECATED_OBJC_IMPLEMENTATIONS = YES;
				CLANG_WARN_DIRECT_OBJC_ISA_USAGE = YES_ERROR;
				CLANG_WARN_DOCUMENTATION_COMMENTS = YES;
				CLANG_WARN_EMPTY_BODY = YES;
				CLANG_WARN_ENUM_CONVERSION = YES;
				CLANG_WARN_INFINITE_RECURSION = YES;
				CLANG_WARN_INT_CONVERSION = YES;
				CLANG_WARN_NON_LITERAL_NULL_CONVERSION = YES;
				CLANG_WARN_OBJC_IMPLICIT_RETAIN_SELF = YES;
				CLANG_WARN_OBJC_LITERAL_CONVERSION = YES;
				CLANG_WARN_OBJC_ROOT_CLASS = YES_ERROR;
				CLANG_WARN_QUOTED_INCLUDE_IN_FRAMEWORK_HEADER = YES;
				CLANG_WARN_RANGE_LOOP_ANALYSIS = YES;
				CLANG_WARN_STRICT_PROTOTYPES = YES;
				CLANG_WARN_SUSPICIOUS_MOVE = YES;
				CLANG_WARN_UNGUARDED_AVAILABILITY = YES_AGGRESSIVE;
				CLANG_WARN_UNREACHABLE_CODE = YES;
				CLANG_WARN__DUPLICATE_METHOD_MATCH = YES;
				COPY_PHASE_STRIP = NO;
				DEBUG_INFORMATION_FORMAT = "dwarf-with-dsym";
				ENABLE_NS_ASSERTIONS = NO;
				ENABLE_STRICT_OBJC_MSGSEND = YES;
				GCC_C_LANGUAGE_STANDARD = gnu11;
				GCC_NO_COMMON_BLOCKS = YES;
				GCC_WARN_64_TO_32_BIT_CONVERSION = YES;
				GCC_WARN_ABOUT_RETURN_TYPE = YES_ERROR;
				GCC_WARN_UNDECLARED_SELECTOR = YES;
				GCC_WARN_UNINITIALIZED_AUTOS = YES_AGGRESSIVE;
				GCC_WARN_UNUSED_FUNCTION = YES;
				GCC_WARN_UNUSED_VARIABLE = YES;
				IPHONEOS_DEPLOYMENT_TARGET = 16.2;
				MTL_ENABLE_DEBUG_INFO = NO;
				MTL_FAST_MATH = YES;
				SDKROOT = iphoneos;
				SWIFT_COMPILATION_MODE = wholemodule;
				SWIFT_OPTIMIZATION_LEVEL = "-O";
				VALIDATE_PRODUCT = YES;
			};
			name = Release;
		};
		C3C57E9329A8E500009C63A8 /* Debug */ = {
			isa = XCBuildConfiguration;
			baseConfigurationReference = 5405B4498B4658A70AF3CBC4 /* Pods-LoginViewCode.debug.xcconfig */;
			buildSettings = {
				ASSETCATALOG_COMPILER_APPICON_NAME = AppIcon;
				ASSETCATALOG_COMPILER_GLOBAL_ACCENT_COLOR_NAME = AccentColor;
				CODE_SIGN_STYLE = Automatic;
				CURRENT_PROJECT_VERSION = 1;
				DEVELOPMENT_TEAM = CQQC8DT4FG;
				GENERATE_INFOPLIST_FILE = YES;
				INFOPLIST_FILE = LoginViewCode/Info.plist;
				INFOPLIST_KEY_UIApplicationSupportsIndirectInputEvents = YES;
				INFOPLIST_KEY_UILaunchStoryboardName = LaunchScreen;
				INFOPLIST_KEY_UIStatusBarStyle = "";
				INFOPLIST_KEY_UISupportedInterfaceOrientations = "UIInterfaceOrientationLandscapeLeft UIInterfaceOrientationLandscapeRight UIInterfaceOrientationPortrait";
				INFOPLIST_KEY_UISupportedInterfaceOrientations_iPad = "UIInterfaceOrientationLandscapeLeft UIInterfaceOrientationLandscapeRight UIInterfaceOrientationPortrait UIInterfaceOrientationPortraitUpsideDown";
				IPHONEOS_DEPLOYMENT_TARGET = 16.2;
				LD_RUNPATH_SEARCH_PATHS = (
					"$(inherited)",
					"@executable_path/Frameworks",
				);
				MARKETING_VERSION = 1.0;
				PRODUCT_BUNDLE_IDENTIFIER = com.RodrigoKroefTarouco.LoginViewCode;
				PRODUCT_NAME = "$(TARGET_NAME)";
				SWIFT_EMIT_LOC_STRINGS = YES;
				SWIFT_VERSION = 5.0;
				TARGETED_DEVICE_FAMILY = "1,2";
			};
			name = Debug;
		};
		C3C57E9429A8E500009C63A8 /* Release */ = {
			isa = XCBuildConfiguration;
			baseConfigurationReference = 44898148D249BE5B59E9F3AE /* Pods-LoginViewCode.release.xcconfig */;
			buildSettings = {
				ASSETCATALOG_COMPILER_APPICON_NAME = AppIcon;
				ASSETCATALOG_COMPILER_GLOBAL_ACCENT_COLOR_NAME = AccentColor;
				CODE_SIGN_STYLE = Automatic;
				CURRENT_PROJECT_VERSION = 1;
				DEVELOPMENT_TEAM = CQQC8DT4FG;
				GENERATE_INFOPLIST_FILE = YES;
				INFOPLIST_FILE = LoginViewCode/Info.plist;
				INFOPLIST_KEY_UIApplicationSupportsIndirectInputEvents = YES;
				INFOPLIST_KEY_UILaunchStoryboardName = LaunchScreen;
				INFOPLIST_KEY_UIStatusBarStyle = "";
				INFOPLIST_KEY_UISupportedInterfaceOrientations = "UIInterfaceOrientationLandscapeLeft UIInterfaceOrientationLandscapeRight UIInterfaceOrientationPortrait";
				INFOPLIST_KEY_UISupportedInterfaceOrientations_iPad = "UIInterfaceOrientationLandscapeLeft UIInterfaceOrientationLandscapeRight UIInterfaceOrientationPortrait UIInterfaceOrientationPortraitUpsideDown";
				IPHONEOS_DEPLOYMENT_TARGET = 16.2;
				LD_RUNPATH_SEARCH_PATHS = (
					"$(inherited)",
					"@executable_path/Frameworks",
				);
				MARKETING_VERSION = 1.0;
				PRODUCT_BUNDLE_IDENTIFIER = com.RodrigoKroefTarouco.LoginViewCode;
				PRODUCT_NAME = "$(TARGET_NAME)";
				SWIFT_EMIT_LOC_STRINGS = YES;
				SWIFT_VERSION = 5.0;
				TARGETED_DEVICE_FAMILY = "1,2";
			};
			name = Release;
		};
/* End XCBuildConfiguration section */

/* Begin XCConfigurationList section */
		C3C57E7929A8E4FF009C63A8 /* Build configuration list for PBXProject "LoginViewCode" */ = {
			isa = XCConfigurationList;
			buildConfigurations = (
				C3C57E9029A8E500009C63A8 /* Debug */,
				C3C57E9129A8E500009C63A8 /* Release */,
			);
			defaultConfigurationIsVisible = 0;
			defaultConfigurationName = Release;
		};
		C3C57E9229A8E500009C63A8 /* Build configuration list for PBXNativeTarget "LoginViewCode" */ = {
			isa = XCConfigurationList;
			buildConfigurations = (
				C3C57E9329A8E500009C63A8 /* Debug */,
				C3C57E9429A8E500009C63A8 /* Release */,
			);
			defaultConfigurationIsVisible = 0;
			defaultConfigurationName = Release;
		};
/* End XCConfigurationList section */
	};
	rootObject = C3C57E7629A8E4FF009C63A8 /* Project object */;
}
